# This file is autogenerated, do not edit; changes may be undone by the next 'dep ensure'.


[[projects]]
  name = "github.com/360EntSecGroup-Skylar/excelize"
  packages = ["."]
  revision = "6d634ca320acca28a84f25888a04c0861548d5ed"
  version = "v1.2"

[[projects]]
  name = "github.com/satori/go.uuid"
  packages = ["."]
  revision = "f58768cc1a7a7e77a3bd49e98cdd21419399b6a3"
  version = "v1.2.0"

[solve-meta]
  analyzer-name = "dep"
  analyzer-version = 1
  inputs-digest = "d4671a45d179a8977e5b374f72959aa24ec5641aa3b94d4694fc5ba49a192ec9"
  solver-name = "gps-cdcl"
  solver-version = 1
